
Microsoft Visual Studio Solution File, Format Version 12.00
# Visual Studio 14
VisualStudioVersion = 14.0.25123.0
MinimumVisualStudioVersion = 10.0.40219.1
Project("{00D1A9C2-B5F0-4AF3-8072-F6C62B433612}") = "ContosoUniversityData", "ContosoUniversityData\ContosoUniversityData.sqlproj", "{840C68F1-FC73-4F76-B202-B1E2AE050BDD}"
EndProject
Project("{FAE04EC0-301F-11D3-BF4B-00C04F79EFBC}") = "ContosoSite", "ContosoSite\ContosoSite.csproj", "{7A406EC6-D933-4B12-9FF6-6D77234A7169}"
EndProject
Global
	GlobalSection(SolutionConfigurationPlatforms) = preSolution
		Debug|Any CPU = Debug|Any CPU
		Release|Any CPU = Release|Any CPU
	EndGlobalSection
	GlobalSection(ProjectConfigurationPlatforms) = postSolution
		{840C68F1-FC73-4F76-B202-B1E2AE050BDD}.Debug|Any CPU.ActiveCfg = Debug|Any CPU
		{840C68F1-FC73-4F76-B202-B1E2AE050BDD}.Debug|Any CPU.Build.0 = Debug|Any CPU
		{840C68F1-FC73-4F76-B202-B1E2AE050BDD}.Debug|Any CPU.Deploy.0 = Debug|Any CPU
		{840C68F1-FC73-4F76-B202-B1E2AE050BDD}.Release|Any CPU.ActiveCfg = Release|Any CPU
		{840C68F1-FC73-4F76-B202-B1E2AE050BDD}.Release|Any CPU.Build.0 = Release|Any CPU
		{840C68F1-FC73-4F76-B202-B1E2AE050BDD}.Release|Any CPU.Deploy.0 = Release|Any CPU
		{7A406EC6-D933-4B12-9FF6-6D77234A7169}.Debug|Any CPU.ActiveCfg = Debug|Any CPU
		{7A406EC6-D933-4B12-9FF6-6D77234A7169}.Debug|Any CPU.Build.0 = Debug|Any CPU
		{7A406EC6-D933-4B12-9FF6-6D77234A7169}.Release|Any CPU.ActiveCfg = Release|Any CPU
		{7A406EC6-D933-4B12-9FF6-6D77234A7169}.Release|Any CPU.Build.0 = Release|Any CPU
	EndGlobalSection
	GlobalSection(SolutionProperties) = preSolution
		HideSolutionNode = FALSE
	EndGlobalSection
EndGlobal
